
Microsoft Visual Studio Solution File, Format Version 12.00
# Visual Studio Version 16
VisualStudioVersion = 16.0.31605.320
MinimumVisualStudioVersion = 10.0.40219.1
Project("{8BC9CEB8-8B4A-11D0-8D11-00A0C91BC942}") = "郭老板爱算数", "郭老板爱算数\郭老板爱算数.vcxproj", "{E6B69F35-857D-4F64-AC6A-A478A8EE6133}"
EndProject
Global
	GlobalSection(SolutionConfigurationPlatforms) = preSolution
		Debug|x64 = Debug|x64
		Debug|x86 = Debug|x86
		Release|x64 = Release|x64
		Release|x86 = Release|x86
	EndGlobalSection
	GlobalSection(ProjectConfigurationPlatforms) = postSolution
		{E6B69F35-857D-4F64-AC6A-A478A8EE6133}.Debug|x64.ActiveCfg = Debug|x64
		{E6B69F35-857D-4F64-AC6A-A478A8EE6133}.Debug|x64.Build.0 = Debug|x64
		{E6B69F35-857D-4F64-AC6A-A478A8EE6133}.Debug|x86.ActiveCfg = Debug|Win32
		{E6B69F35-857D-4F64-AC6A-A478A8EE6133}.Debug|x86.Build.0 = Debug|Win32
		{E6B69F35-857D-4F64-AC6A-A478A8EE6133}.Release|x64.ActiveCfg = Release|x64
		{E6B69F35-857D-4F64-AC6A-A478A8EE6133}.Release|x64.Build.0 = Release|x64
		{E6B69F35-857D-4F64-AC6A-A478A8EE6133}.Release|x86.ActiveCfg = Release|Win32
		{E6B69F35-857D-4F64-AC6A-A478A8EE6133}.Release|x86.Build.0 = Release|Win32
	EndGlobalSection
	GlobalSection(SolutionProperties) = preSolution
		HideSolutionNode = FALSE
	EndGlobalSection
	GlobalSection(ExtensibilityGlobals) = postSolution
		SolutionGuid = {38917A49-CD91-4F93-9D7B-56448A809068}
	EndGlobalSection
EndGlobal
