
Microsoft Visual Studio Solution File, Format Version 12.00
# Visual Studio Version 16
VisualStudioVersion = 16.0.31424.327
MinimumVisualStudioVersion = 10.0.40219.1
Project("{8BC9CEB8-8B4A-11D0-8D11-00A0C91BC942}") = "Project5", "Project5\Project5.vcxproj", "{A03B9CEA-7ED8-4903-9824-4EF884B3E3B9}"
EndProject
Global
	GlobalSection(SolutionConfigurationPlatforms) = preSolution
		Debug|x64 = Debug|x64
		Debug|x86 = Debug|x86
		Release|x64 = Release|x64
		Release|x86 = Release|x86
	EndGlobalSection
	GlobalSection(ProjectConfigurationPlatforms) = postSolution
		{A03B9CEA-7ED8-4903-9824-4EF884B3E3B9}.Debug|x64.ActiveCfg = Debug|x64
		{A03B9CEA-7ED8-4903-9824-4EF884B3E3B9}.Debug|x64.Build.0 = Debug|x64
		{A03B9CEA-7ED8-4903-9824-4EF884B3E3B9}.Debug|x86.ActiveCfg = Debug|Win32
		{A03B9CEA-7ED8-4903-9824-4EF884B3E3B9}.Debug|x86.Build.0 = Debug|Win32
		{A03B9CEA-7ED8-4903-9824-4EF884B3E3B9}.Release|x64.ActiveCfg = Release|x64
		{A03B9CEA-7ED8-4903-9824-4EF884B3E3B9}.Release|x64.Build.0 = Release|x64
		{A03B9CEA-7ED8-4903-9824-4EF884B3E3B9}.Release|x86.ActiveCfg = Release|Win32
		{A03B9CEA-7ED8-4903-9824-4EF884B3E3B9}.Release|x86.Build.0 = Release|Win32
	EndGlobalSection
	GlobalSection(SolutionProperties) = preSolution
		HideSolutionNode = FALSE
	EndGlobalSection
	GlobalSection(ExtensibilityGlobals) = postSolution
		SolutionGuid = {45813869-0292-41EC-80DA-AD58DF698797}
	EndGlobalSection
EndGlobal
