
Microsoft Visual Studio Solution File, Format Version 12.00
# Visual Studio Version 16
VisualStudioVersion = 16.0.31605.320
MinimumVisualStudioVersion = 10.0.40219.1
Project("{8BC9CEB8-8B4A-11D0-8D11-00A0C91BC942}") = "字符串查找", "字符串查找\字符串查找.vcxproj", "{78D6E145-5B7F-4A34-938B-0BFD441BEA62}"
EndProject
Global
	GlobalSection(SolutionConfigurationPlatforms) = preSolution
		Debug|x64 = Debug|x64
		Debug|x86 = Debug|x86
		Release|x64 = Release|x64
		Release|x86 = Release|x86
	EndGlobalSection
	GlobalSection(ProjectConfigurationPlatforms) = postSolution
		{78D6E145-5B7F-4A34-938B-0BFD441BEA62}.Debug|x64.ActiveCfg = Debug|x64
		{78D6E145-5B7F-4A34-938B-0BFD441BEA62}.Debug|x64.Build.0 = Debug|x64
		{78D6E145-5B7F-4A34-938B-0BFD441BEA62}.Debug|x86.ActiveCfg = Debug|Win32
		{78D6E145-5B7F-4A34-938B-0BFD441BEA62}.Debug|x86.Build.0 = Debug|Win32
		{78D6E145-5B7F-4A34-938B-0BFD441BEA62}.Release|x64.ActiveCfg = Release|x64
		{78D6E145-5B7F-4A34-938B-0BFD441BEA62}.Release|x64.Build.0 = Release|x64
		{78D6E145-5B7F-4A34-938B-0BFD441BEA62}.Release|x86.ActiveCfg = Release|Win32
		{78D6E145-5B7F-4A34-938B-0BFD441BEA62}.Release|x86.Build.0 = Release|Win32
	EndGlobalSection
	GlobalSection(SolutionProperties) = preSolution
		HideSolutionNode = FALSE
	EndGlobalSection
	GlobalSection(ExtensibilityGlobals) = postSolution
		SolutionGuid = {CCB92F4B-22BA-4F00-9456-9240FA8EE93A}
	EndGlobalSection
EndGlobal
